// !$*UTF8*$!
{
	archiveVersion = 1;
	classes = {
	};
	objectVersion = 54;
	objects = {

/* Begin PBXBuildFile section */
		1F00D7943A2FC685B511A3AC /* ContentView.swift in Sources */ = {isa = PBXBuildFile; fileRef = E8A05F5A1E56806F559E9782 /* ContentView.swift */; };
		27E536F3A4CB1A3D71188340 /* Klepsidra.swift in Sources */ = {isa = PBXBuildFile; fileRef = 12A441192940248421113A46 /* Klepsidra.swift */; };
		4DEC0EB60C793F36DA3C4ED3 /* Preview Assets.xcassets in Resources */ = {isa = PBXBuildFile; fileRef = EDBE6F401C40D9CA650B8B90 /* Preview Assets.xcassets */; };
		6856F1ACED017D8AE156B703 /* LiveViewNative in Frameworks */ = {isa = PBXBuildFile; productRef = 8345AC766A08358F26D1DF5E /* LiveViewNative */; };
		78257CA679B7C4E9CDECFD6C /* LiveViewNative in Frameworks */ = {isa = PBXBuildFile; productRef = BB769E90913307D58E79B67F /* LiveViewNative */; };
		8E230412282DEB9A5F4AEB4B /* Preview Assets.xcassets in Resources */ = {isa = PBXBuildFile; fileRef = EDBE6F401C40D9CA650B8B90 /* Preview Assets.xcassets */; };
		9911BB4B46F9EF608640AAF9 /* ContentView.swift in Sources */ = {isa = PBXBuildFile; fileRef = E8A05F5A1E56806F559E9782 /* ContentView.swift */; };
		BF4D56702265D13D1C739D58 /* Assets.xcassets in Resources */ = {isa = PBXBuildFile; fileRef = 0E3EE33909A6168C5D9792D9 /* Assets.xcassets */; };
		CD59ED5B70422F93B51CB778 /* Assets.xcassets in Resources */ = {isa = PBXBuildFile; fileRef = 0E3EE33909A6168C5D9792D9 /* Assets.xcassets */; };
		E29CC89055B52408E441700C /* Klepsidra.swift in Sources */ = {isa = PBXBuildFile; fileRef = 12A441192940248421113A46 /* Klepsidra.swift */; };
/* End PBXBuildFile section */

/* Begin PBXFileReference section */
		0E3EE33909A6168C5D9792D9 /* Assets.xcassets */ = {isa = PBXFileReference; lastKnownFileType = folder.assetcatalog; path = Assets.xcassets; sourceTree = "<group>"; };
		12A441192940248421113A46 /* Klepsidra.swift */ = {isa = PBXFileReference; lastKnownFileType = sourcecode.swift; path = Klepsidra.swift; sourceTree = "<group>"; };
		81399670D84F58BB9EE628CB /* Klepsidra Watch App.app */ = {isa = PBXFileReference; explicitFileType = wrapper.application; includeInIndex = 0; path = "Klepsidra Watch App.app"; sourceTree = BUILT_PRODUCTS_DIR; };
		8A1916DCA3B8B349856023D3 /* Klepsidra.app */ = {isa = PBXFileReference; includeInIndex = 0; lastKnownFileType = wrapper.application; path = Klepsidra.app; sourceTree = BUILT_PRODUCTS_DIR; };
		E8A05F5A1E56806F559E9782 /* ContentView.swift */ = {isa = PBXFileReference; lastKnownFileType = sourcecode.swift; path = ContentView.swift; sourceTree = "<group>"; };
		EDBE6F401C40D9CA650B8B90 /* Preview Assets.xcassets */ = {isa = PBXFileReference; lastKnownFileType = folder.assetcatalog; path = "Preview Assets.xcassets"; sourceTree = "<group>"; };
/* End PBXFileReference section */

/* Begin PBXFrameworksBuildPhase section */
		151CD86953B7753641FC2E3A /* Frameworks */ = {
			isa = PBXFrameworksBuildPhase;
			buildActionMask = 2147483647;
			files = (
				6856F1ACED017D8AE156B703 /* LiveViewNative in Frameworks */,
			);
			runOnlyForDeploymentPostprocessing = 0;
		};
		E141DD533C3522F9D700B2FC /* Frameworks */ = {
			isa = PBXFrameworksBuildPhase;
			buildActionMask = 2147483647;
			files = (
				78257CA679B7C4E9CDECFD6C /* LiveViewNative in Frameworks */,
			);
			runOnlyForDeploymentPostprocessing = 0;
		};
/* End PBXFrameworksBuildPhase section */

/* Begin PBXGroup section */
		2F630CC28A80C00EB53037C3 /* Preview Content */ = {
			isa = PBXGroup;
			children = (
				EDBE6F401C40D9CA650B8B90 /* Preview Assets.xcassets */,
			);
			path = "Preview Content";
			sourceTree = "<group>";
		};
		701586038BC1FC459E3D793A /* Klepsidra */ = {
			isa = PBXGroup;
			children = (
				2F630CC28A80C00EB53037C3 /* Preview Content */,
				0E3EE33909A6168C5D9792D9 /* Assets.xcassets */,
				E8A05F5A1E56806F559E9782 /* ContentView.swift */,
				12A441192940248421113A46 /* Klepsidra.swift */,
			);
			name = Klepsidra;
			path = Sources/Klepsidra;
			sourceTree = "<group>";
		};
		B60D40B49897F5F8751CAA4F /* Products */ = {
			isa = PBXGroup;
			children = (
				81399670D84F58BB9EE628CB /* Klepsidra Watch App.app */,
				8A1916DCA3B8B349856023D3 /* Klepsidra.app */,
			);
			name = Products;
			sourceTree = "<group>";
		};
		B72E5ABAC69505F909E7189E = {
			isa = PBXGroup;
			children = (
				701586038BC1FC459E3D793A /* Klepsidra */,
				B60D40B49897F5F8751CAA4F /* Products */,
			);
			sourceTree = "<group>";
		};
/* End PBXGroup section */

/* Begin PBXNativeTarget section */
		0A0E90D1EDAF6342FC091C3A /* Klepsidra */ = {
			isa = PBXNativeTarget;
			buildConfigurationList = 1E7D4B2DBEA7283BC53C057A /* Build configuration list for PBXNativeTarget "Klepsidra" */;
			buildPhases = (
				EA48311FC5B4DC6E9A6B25A6 /* Sources */,
				5D964F6C5475D347A7CFFA8A /* Resources */,
				E141DD533C3522F9D700B2FC /* Frameworks */,
			);
			buildRules = (
			);
			dependencies = (
			);
			name = Klepsidra;
			packageProductDependencies = (
				BB769E90913307D58E79B67F /* LiveViewNative */,
			);
			productName = Klepsidra;
			productReference = 8A1916DCA3B8B349856023D3 /* Klepsidra.app */;
			productType = "com.apple.product-type.application";
		};
		510B991FEA63C72187D2F9FA /* Klepsidra Watch App */ = {
			isa = PBXNativeTarget;
			buildConfigurationList = 5AE18284E274D18C371DD47B /* Build configuration list for PBXNativeTarget "Klepsidra Watch App" */;
			buildPhases = (
				C3DCD774649A614F83323914 /* Sources */,
				C5E8D7C89DF88D44282CA81B /* Resources */,
				151CD86953B7753641FC2E3A /* Frameworks */,
			);
			buildRules = (
			);
			dependencies = (
			);
			name = "Klepsidra Watch App";
			packageProductDependencies = (
				8345AC766A08358F26D1DF5E /* LiveViewNative */,
			);
			productName = "Klepsidra Watch App";
			productReference = 81399670D84F58BB9EE628CB /* Klepsidra Watch App.app */;
			productType = "com.apple.product-type.application";
		};
/* End PBXNativeTarget section */

/* Begin PBXProject section */
		A1E3A0C85CE0CADD15BF524B /* Project object */ = {
			isa = PBXProject;
			attributes = {
				BuildIndependentTargetsInParallel = YES;
				LastUpgradeCheck = 1430;
				TargetAttributes = {
				};
			};
			buildConfigurationList = 1158DC2FC9F8EAB3030A519D /* Build configuration list for PBXProject "Klepsidra" */;
			compatibilityVersion = "Xcode 14.0";
			developmentRegion = en;
			hasScannedForEncodings = 0;
			knownRegions = (
				Base,
				en,
			);
			mainGroup = B72E5ABAC69505F909E7189E;
			packageReferences = (
				96E22510208C3EB7F7F696E9 /* XCRemoteSwiftPackageReference "liveview-client-swiftui" */,
			);
			projectDirPath = "";
			projectRoot = "";
			targets = (
				0A0E90D1EDAF6342FC091C3A /* Klepsidra */,
				510B991FEA63C72187D2F9FA /* Klepsidra Watch App */,
			);
		};
/* End PBXProject section */

/* Begin PBXResourcesBuildPhase section */
		5D964F6C5475D347A7CFFA8A /* Resources */ = {
			isa = PBXResourcesBuildPhase;
			buildActionMask = 2147483647;
			files = (
				BF4D56702265D13D1C739D58 /* Assets.xcassets in Resources */,
				4DEC0EB60C793F36DA3C4ED3 /* Preview Assets.xcassets in Resources */,
			);
			runOnlyForDeploymentPostprocessing = 0;
		};
		C5E8D7C89DF88D44282CA81B /* Resources */ = {
			isa = PBXResourcesBuildPhase;
			buildActionMask = 2147483647;
			files = (
				CD59ED5B70422F93B51CB778 /* Assets.xcassets in Resources */,
				8E230412282DEB9A5F4AEB4B /* Preview Assets.xcassets in Resources */,
			);
			runOnlyForDeploymentPostprocessing = 0;
		};
/* End PBXResourcesBuildPhase section */

/* Begin PBXSourcesBuildPhase section */
		C3DCD774649A614F83323914 /* Sources */ = {
			isa = PBXSourcesBuildPhase;
			buildActionMask = 2147483647;
			files = (
				9911BB4B46F9EF608640AAF9 /* ContentView.swift in Sources */,
				27E536F3A4CB1A3D71188340 /* Klepsidra.swift in Sources */,
			);
			runOnlyForDeploymentPostprocessing = 0;
		};
		EA48311FC5B4DC6E9A6B25A6 /* Sources */ = {
			isa = PBXSourcesBuildPhase;
			buildActionMask = 2147483647;
			files = (
				1F00D7943A2FC685B511A3AC /* ContentView.swift in Sources */,
				E29CC89055B52408E441700C /* Klepsidra.swift in Sources */,
			);
			runOnlyForDeploymentPostprocessing = 0;
		};
/* End PBXSourcesBuildPhase section */

/* Begin XCBuildConfiguration section */
		17F42A44A107E22CD820E5FD /* Debug */ = {
			isa = XCBuildConfiguration;
			buildSettings = {
				ALWAYS_SEARCH_USER_PATHS = NO;
				CLANG_ANALYZER_NONNULL = YES;
				CLANG_ANALYZER_NUMBER_OBJECT_CONVERSION = YES_AGGRESSIVE;
				CLANG_CXX_LANGUAGE_STANDARD = "gnu++14";
				CLANG_CXX_LIBRARY = "libc++";
				CLANG_ENABLE_MODULES = YES;
				CLANG_ENABLE_OBJC_ARC = YES;
				CLANG_ENABLE_OBJC_WEAK = YES;
				CLANG_WARN_BLOCK_CAPTURE_AUTORELEASING = YES;
				CLANG_WARN_BOOL_CONVERSION = YES;
				CLANG_WARN_COMMA = YES;
				CLANG_WARN_CONSTANT_CONVERSION = YES;
				CLANG_WARN_DEPRECATED_OBJC_IMPLEMENTATIONS = YES;
				CLANG_WARN_DIRECT_OBJC_ISA_USAGE = YES_ERROR;
				CLANG_WARN_DOCUMENTATION_COMMENTS = YES;
				CLANG_WARN_EMPTY_BODY = YES;
				CLANG_WARN_ENUM_CONVERSION = YES;
				CLANG_WARN_INFINITE_RECURSION = YES;
				CLANG_WARN_INT_CONVERSION = YES;
				CLANG_WARN_NON_LITERAL_NULL_CONVERSION = YES;
				CLANG_WARN_OBJC_IMPLICIT_RETAIN_SELF = YES;
				CLANG_WARN_OBJC_LITERAL_CONVERSION = YES;
				CLANG_WARN_OBJC_ROOT_CLASS = YES_ERROR;
				CLANG_WARN_QUOTED_INCLUDE_IN_FRAMEWORK_HEADER = YES;
				CLANG_WARN_RANGE_LOOP_ANALYSIS = YES;
				CLANG_WARN_STRICT_PROTOTYPES = YES;
				CLANG_WARN_SUSPICIOUS_MOVE = YES;
				CLANG_WARN_UNGUARDED_AVAILABILITY = YES_AGGRESSIVE;
				CLANG_WARN_UNREACHABLE_CODE = YES;
				CLANG_WARN__DUPLICATE_METHOD_MATCH = YES;
				COPY_PHASE_STRIP = NO;
				CURRENT_PROJECT_VERSION = 1.0;
				DEBUG_INFORMATION_FORMAT = dwarf;
				ENABLE_STRICT_OBJC_MSGSEND = YES;
				ENABLE_TESTABILITY = YES;
				GCC_C_LANGUAGE_STANDARD = gnu11;
				GCC_DYNAMIC_NO_PIC = NO;
				GCC_NO_COMMON_BLOCKS = YES;
				GCC_OPTIMIZATION_LEVEL = 0;
				GCC_PREPROCESSOR_DEFINITIONS = (
					"$(inherited)",
					"DEBUG=1",
				);
				GCC_WARN_64_TO_32_BIT_CONVERSION = YES;
				GCC_WARN_ABOUT_RETURN_TYPE = YES_ERROR;
				GCC_WARN_UNDECLARED_SELECTOR = YES;
				GCC_WARN_UNINITIALIZED_AUTOS = YES_AGGRESSIVE;
				GCC_WARN_UNUSED_FUNCTION = YES;
				GCC_WARN_UNUSED_VARIABLE = YES;
				GENERATE_INFOPLIST_FILE = YES;
				INFOPLIST_KEY_CFBundleDisplayName = Klepsidra;
				INFOPLIST_KEY_UILaunchScreen_Generation = YES;
				INFOPLIST_KEY_WKCompanionAppBundleIdentifier = com.example.Klepsidra;
				INFOPLIST_KEY_WKRunsIndependentlyOfCompanionApp = YES;
				IPHONEOS_DEPLOYMENT_TARGET = 16.0;
				MACOSX_DEPLOYMENT_TARGET = 13.0;
				MARKETING_VERSION = 1.0;
				MTL_ENABLE_DEBUG_INFO = INCLUDE_SOURCE;
				MTL_FAST_MATH = YES;
				ONLY_ACTIVE_ARCH = YES;
				PRODUCT_NAME = "$(TARGET_NAME)";
				SWIFT_ACTIVE_COMPILATION_CONDITIONS = DEBUG;
				SWIFT_OPTIMIZATION_LEVEL = "-Onone";
				SWIFT_VERSION = 5.0;
				TVOS_DEPLOYMENT_TARGET = 16.0;
				WATCHOS_DEPLOYMENT_TARGET = 9.0;
			};
			name = Debug;
		};
		27231533689DF47550E14AE1 /* Release */ = {
			isa = XCBuildConfiguration;
			buildSettings = {
				ASSETCATALOG_COMPILER_APPICON_NAME = AppIcon;
				CODE_SIGN_IDENTITY = "iPhone Developer";
				LD_RUNPATH_SEARCH_PATHS = (
					"$(inherited)",
					"@executable_path/Frameworks",
				);
				PRODUCT_BUNDLE_IDENTIFIER = com.example.Klepsidra;
				SDKROOT = auto;
				SUPPORTED_PLATFORMS = "iphoneos iphonesimulator macosx";
				SUPPORTS_MACCATALYST = NO;
				SUPPORTS_MAC_DESIGNED_FOR_IPHONE_IPAD = NO;
				SUPPORTS_XR_DESIGNED_FOR_IPHONE_IPAD = YES;
				TARGETED_DEVICE_FAMILY = "1,2";
			};
			name = Release;
		};
		5A6C16269D8E473F3F367B64 /* Release */ = {
			isa = XCBuildConfiguration;
			buildSettings = {
				ALWAYS_SEARCH_USER_PATHS = NO;
				CLANG_ANALYZER_NONNULL = YES;
				CLANG_ANALYZER_NUMBER_OBJECT_CONVERSION = YES_AGGRESSIVE;
				CLANG_CXX_LANGUAGE_STANDARD = "gnu++14";
				CLANG_CXX_LIBRARY = "libc++";
				CLANG_ENABLE_MODULES = YES;
				CLANG_ENABLE_OBJC_ARC = YES;
				CLANG_ENABLE_OBJC_WEAK = YES;
				CLANG_WARN_BLOCK_CAPTURE_AUTORELEASING = YES;
				CLANG_WARN_BOOL_CONVERSION = YES;
				CLANG_WARN_COMMA = YES;
				CLANG_WARN_CONSTANT_CONVERSION = YES;
				CLANG_WARN_DEPRECATED_OBJC_IMPLEMENTATIONS = YES;
				CLANG_WARN_DIRECT_OBJC_ISA_USAGE = YES_ERROR;
				CLANG_WARN_DOCUMENTATION_COMMENTS = YES;
				CLANG_WARN_EMPTY_BODY = YES;
				CLANG_WARN_ENUM_CONVERSION = YES;
				CLANG_WARN_INFINITE_RECURSION = YES;
				CLANG_WARN_INT_CONVERSION = YES;
				CLANG_WARN_NON_LITERAL_NULL_CONVERSION = YES;
				CLANG_WARN_OBJC_IMPLICIT_RETAIN_SELF = YES;
				CLANG_WARN_OBJC_LITERAL_CONVERSION = YES;
				CLANG_WARN_OBJC_ROOT_CLASS = YES_ERROR;
				CLANG_WARN_QUOTED_INCLUDE_IN_FRAMEWORK_HEADER = YES;
				CLANG_WARN_RANGE_LOOP_ANALYSIS = YES;
				CLANG_WARN_STRICT_PROTOTYPES = YES;
				CLANG_WARN_SUSPICIOUS_MOVE = YES;
				CLANG_WARN_UNGUARDED_AVAILABILITY = YES_AGGRESSIVE;
				CLANG_WARN_UNREACHABLE_CODE = YES;
				CLANG_WARN__DUPLICATE_METHOD_MATCH = YES;
				COPY_PHASE_STRIP = NO;
				CURRENT_PROJECT_VERSION = 1.0;
				DEBUG_INFORMATION_FORMAT = "dwarf-with-dsym";
				ENABLE_NS_ASSERTIONS = NO;
				ENABLE_STRICT_OBJC_MSGSEND = YES;
				GCC_C_LANGUAGE_STANDARD = gnu11;
				GCC_NO_COMMON_BLOCKS = YES;
				GCC_WARN_64_TO_32_BIT_CONVERSION = YES;
				GCC_WARN_ABOUT_RETURN_TYPE = YES_ERROR;
				GCC_WARN_UNDECLARED_SELECTOR = YES;
				GCC_WARN_UNINITIALIZED_AUTOS = YES_AGGRESSIVE;
				GCC_WARN_UNUSED_FUNCTION = YES;
				GCC_WARN_UNUSED_VARIABLE = YES;
				GENERATE_INFOPLIST_FILE = YES;
				INFOPLIST_KEY_CFBundleDisplayName = Klepsidra;
				INFOPLIST_KEY_UILaunchScreen_Generation = YES;
				INFOPLIST_KEY_WKCompanionAppBundleIdentifier = com.example.Klepsidra;
				INFOPLIST_KEY_WKRunsIndependentlyOfCompanionApp = YES;
				IPHONEOS_DEPLOYMENT_TARGET = 16.0;
				MACOSX_DEPLOYMENT_TARGET = 13.0;
				MARKETING_VERSION = 1.0;
				MTL_ENABLE_DEBUG_INFO = NO;
				MTL_FAST_MATH = YES;
				PRODUCT_NAME = "$(TARGET_NAME)";
				SWIFT_COMPILATION_MODE = wholemodule;
				SWIFT_OPTIMIZATION_LEVEL = "-O";
				SWIFT_VERSION = 5.0;
				TVOS_DEPLOYMENT_TARGET = 16.0;
				WATCHOS_DEPLOYMENT_TARGET = 9.0;
			};
			name = Release;
		};
		87690D0A1A8B3BAAB0916BFF /* Release */ = {
			isa = XCBuildConfiguration;
			buildSettings = {
				ASSETCATALOG_COMPILER_APPICON_NAME = AppIcon;
				PRODUCT_BUNDLE_IDENTIFIER = com.example.Klepsidra.watchkit;
				SDKROOT = watchos;
				SKIP_INSTALL = YES;
				TARGETED_DEVICE_FAMILY = 4;
			};
			name = Release;
		};
		BA1DF6378F7B26451F3CE7D0 /* Debug */ = {
			isa = XCBuildConfiguration;
			buildSettings = {
				ASSETCATALOG_COMPILER_APPICON_NAME = AppIcon;
				PRODUCT_BUNDLE_IDENTIFIER = com.example.Klepsidra.watchkit;
				SDKROOT = watchos;
				SKIP_INSTALL = YES;
				TARGETED_DEVICE_FAMILY = 4;
			};
			name = Debug;
		};
		F9D3D919691576210F4A3D4E /* Debug */ = {
			isa = XCBuildConfiguration;
			buildSettings = {
				ASSETCATALOG_COMPILER_APPICON_NAME = AppIcon;
				CODE_SIGN_IDENTITY = "iPhone Developer";
				LD_RUNPATH_SEARCH_PATHS = (
					"$(inherited)",
					"@executable_path/Frameworks",
				);
				PRODUCT_BUNDLE_IDENTIFIER = com.example.Klepsidra;
				SDKROOT = auto;
				SUPPORTED_PLATFORMS = "iphoneos iphonesimulator macosx";
				SUPPORTS_MACCATALYST = NO;
				SUPPORTS_MAC_DESIGNED_FOR_IPHONE_IPAD = NO;
				SUPPORTS_XR_DESIGNED_FOR_IPHONE_IPAD = YES;
				TARGETED_DEVICE_FAMILY = "1,2";
			};
			name = Debug;
		};
/* End XCBuildConfiguration section */

/* Begin XCConfigurationList section */
		1158DC2FC9F8EAB3030A519D /* Build configuration list for PBXProject "Klepsidra" */ = {
			isa = XCConfigurationList;
			buildConfigurations = (
				17F42A44A107E22CD820E5FD /* Debug */,
				5A6C16269D8E473F3F367B64 /* Release */,
			);
			defaultConfigurationIsVisible = 0;
			defaultConfigurationName = Debug;
		};
		1E7D4B2DBEA7283BC53C057A /* Build configuration list for PBXNativeTarget "Klepsidra" */ = {
			isa = XCConfigurationList;
			buildConfigurations = (
				F9D3D919691576210F4A3D4E /* Debug */,
				27231533689DF47550E14AE1 /* Release */,
			);
			defaultConfigurationIsVisible = 0;
			defaultConfigurationName = Debug;
		};
		5AE18284E274D18C371DD47B /* Build configuration list for PBXNativeTarget "Klepsidra Watch App" */ = {
			isa = XCConfigurationList;
			buildConfigurations = (
				BA1DF6378F7B26451F3CE7D0 /* Debug */,
				87690D0A1A8B3BAAB0916BFF /* Release */,
			);
			defaultConfigurationIsVisible = 0;
			defaultConfigurationName = Debug;
		};
/* End XCConfigurationList section */

/* Begin XCRemoteSwiftPackageReference section */
		96E22510208C3EB7F7F696E9 /* XCRemoteSwiftPackageReference "liveview-client-swiftui" */ = {
			isa = XCRemoteSwiftPackageReference;
			repositoryURL = "https://github.com/liveview-native/liveview-client-swiftui";
			requirement = {
				kind = exactVersion;
				version = 0.2.1;
			};
		};
/* End XCRemoteSwiftPackageReference section */

/* Begin XCSwiftPackageProductDependency section */
		8345AC766A08358F26D1DF5E /* LiveViewNative */ = {
			isa = XCSwiftPackageProductDependency;
			package = 96E22510208C3EB7F7F696E9 /* XCRemoteSwiftPackageReference "liveview-client-swiftui" */;
			productName = LiveViewNative;
		};
		BB769E90913307D58E79B67F /* LiveViewNative */ = {
			isa = XCSwiftPackageProductDependency;
			package = 96E22510208C3EB7F7F696E9 /* XCRemoteSwiftPackageReference "liveview-client-swiftui" */;
			productName = LiveViewNative;
		};
/* End XCSwiftPackageProductDependency section */
	};
	rootObject = A1E3A0C85CE0CADD15BF524B /* Project object */;
}
